
Microsoft Visual Studio Solution File, Format Version 12.00
# Visual Studio Version 16
VisualStudioVersion = 16.0.31911.196
MinimumVisualStudioVersion = 10.0.40219.1
Project("{9A19103F-16F7-4668-BE54-9A1E7A4F7556}") = "P01IntegerOperations", "P01IntegerOperations\P01IntegerOperations.csproj", "{FBAF27D9-9852-48FD-9F8B-4C46313E8BB2}"
EndProject
Project("{2150E333-8FDC-42A3-9474-1A3956D46DE8}") = "Exercise", "Exercise", "{AC94B938-06BE-4EA6-AA60-9C76909011A5}"
EndProject
Project("{2150E333-8FDC-42A3-9474-1A3956D46DE8}") = "Lab", "Lab", "{49B56E07-23D3-4DAE-AD8F-8C70DB925B9B}"
EndProject
Project("{9A19103F-16F7-4668-BE54-9A1E7A4F7556}") = "Centuries", "Centuries\Centuries.csproj", "{EDFEEF0A-6AAF-4DC3-8978-8C87AA96B6E3}"
EndProject
Project("{9A19103F-16F7-4668-BE54-9A1E7A4F7556}") = "P02ConvertMetersToKilometers", "P02ConvertMetersToKilometers\P02ConvertMetersToKilometers.csproj", "{E07988B8-B3AF-4FBC-9955-C5AFCBB44D65}"
EndProject
Project("{9A19103F-16F7-4668-BE54-9A1E7A4F7556}") = "P02PoundsToDollars", "P02PoundsToDollars\P02PoundsToDollars.csproj", "{D6CD1D75-20D8-4061-A095-3931AC84F86B}"
EndProject
Project("{9A19103F-16F7-4668-BE54-9A1E7A4F7556}") = "P04CenturiesToMinutes", "P04CenturiesToMinutes\P04CenturiesToMinutes.csproj", "{550B9C39-BB12-4C68-A697-E15A62DFB9B6}"
EndProject
Project("{9A19103F-16F7-4668-BE54-9A1E7A4F7556}") = "P05SpecialNumbers", "P05SpecialNumbers\P05SpecialNumbers.csproj", "{22FE808E-3E7F-4A32-B6BA-B4D934106155}"
EndProject
Project("{9A19103F-16F7-4668-BE54-9A1E7A4F7556}") = "P06ReversedChars", "P06ReversedChars\P06ReversedChars.csproj", "{353FDD2E-FCE4-4EDA-9667-472CA3AD9517}"
EndProject
Project("{9A19103F-16F7-4668-BE54-9A1E7A4F7556}") = "P11RefactorVolumePyramid", "P11RefactorVolumePyramid\P11RefactorVolumePyramid.csproj", "{94AF8888-E4E9-4BEF-9670-229672DA710F}"
EndProject
Project("{9A19103F-16F7-4668-BE54-9A1E7A4F7556}") = "P02SumDigits", "P02SumDigits\P02SumDigits.csproj", "{6288CC75-DE54-41DC-8D0C-CC93D84B8799}"
EndProject
Project("{9A19103F-16F7-4668-BE54-9A1E7A4F7556}") = "P03Elevator", "P03Elevator\P03Elevator.csproj", "{C3DB81D2-33B6-4B88-BB64-7D7F73654548}"
EndProject
Project("{9A19103F-16F7-4668-BE54-9A1E7A4F7556}") = "P04SumОfChars", "P04SumОfChars\P04SumОfChars.csproj", "{0720A0F2-A291-4344-A4ED-A34F623C491D}"
EndProject
Project("{9A19103F-16F7-4668-BE54-9A1E7A4F7556}") = "P05PrintPartOfASCIITable", "P05PrintPartOfASCIITable\P05PrintPartOfASCIITable.csproj", "{19674417-D019-4ABB-8451-8AD5FEA4BC51}"
EndProject
Project("{9A19103F-16F7-4668-BE54-9A1E7A4F7556}") = "Demo", "Demo\Demo.csproj", "{77F316D4-6F07-4FFD-86B7-C1B49E4C353E}"
EndProject
Project("{9A19103F-16F7-4668-BE54-9A1E7A4F7556}") = "P11Snowballs", "P06Snowballs\P11Snowballs.csproj", "{2A8427AB-247E-4A3C-8E3D-231840A29957}"
EndProject
Project("{FAE04EC0-301F-11D3-BF4B-00C04F79EFBC}") = "P06TriplesOfLatinLetters", "P06TriplesOfLatinLetters\P06TriplesOfLatinLetters.csproj", "{2B354E3C-5A51-49DA-9DD0-26EA03A71C21}"
EndProject
Project("{FAE04EC0-301F-11D3-BF4B-00C04F79EFBC}") = "P07WaterOverflow", "P07WaterOverflow\P07WaterOverflow.csproj", "{3659C452-F8B8-4EC6-AB10-DC08E5E7A9C0}"
EndProject
Project("{FAE04EC0-301F-11D3-BF4B-00C04F79EFBC}") = "P08BeerKegs", "P08BeerKegs\P08BeerKegs.csproj", "{078A78E9-EC5D-45DA-8DAE-CC3BA138CF67}"
EndProject
Global
	GlobalSection(SolutionConfigurationPlatforms) = preSolution
		Debug|Any CPU = Debug|Any CPU
		Release|Any CPU = Release|Any CPU
	EndGlobalSection
	GlobalSection(ProjectConfigurationPlatforms) = postSolution
		{FBAF27D9-9852-48FD-9F8B-4C46313E8BB2}.Debug|Any CPU.ActiveCfg = Debug|Any CPU
		{FBAF27D9-9852-48FD-9F8B-4C46313E8BB2}.Debug|Any CPU.Build.0 = Debug|Any CPU
		{FBAF27D9-9852-48FD-9F8B-4C46313E8BB2}.Release|Any CPU.ActiveCfg = Release|Any CPU
		{FBAF27D9-9852-48FD-9F8B-4C46313E8BB2}.Release|Any CPU.Build.0 = Release|Any CPU
		{EDFEEF0A-6AAF-4DC3-8978-8C87AA96B6E3}.Debug|Any CPU.ActiveCfg = Debug|Any CPU
		{EDFEEF0A-6AAF-4DC3-8978-8C87AA96B6E3}.Debug|Any CPU.Build.0 = Debug|Any CPU
		{EDFEEF0A-6AAF-4DC3-8978-8C87AA96B6E3}.Release|Any CPU.ActiveCfg = Release|Any CPU
		{EDFEEF0A-6AAF-4DC3-8978-8C87AA96B6E3}.Release|Any CPU.Build.0 = Release|Any CPU
		{E07988B8-B3AF-4FBC-9955-C5AFCBB44D65}.Debug|Any CPU.ActiveCfg = Debug|Any CPU
		{E07988B8-B3AF-4FBC-9955-C5AFCBB44D65}.Debug|Any CPU.Build.0 = Debug|Any CPU
		{E07988B8-B3AF-4FBC-9955-C5AFCBB44D65}.Release|Any CPU.ActiveCfg = Release|Any CPU
		{E07988B8-B3AF-4FBC-9955-C5AFCBB44D65}.Release|Any CPU.Build.0 = Release|Any CPU
		{D6CD1D75-20D8-4061-A095-3931AC84F86B}.Debug|Any CPU.ActiveCfg = Debug|Any CPU
		{D6CD1D75-20D8-4061-A095-3931AC84F86B}.Debug|Any CPU.Build.0 = Debug|Any CPU
		{D6CD1D75-20D8-4061-A095-3931AC84F86B}.Release|Any CPU.ActiveCfg = Release|Any CPU
		{D6CD1D75-20D8-4061-A095-3931AC84F86B}.Release|Any CPU.Build.0 = Release|Any CPU
		{550B9C39-BB12-4C68-A697-E15A62DFB9B6}.Debug|Any CPU.ActiveCfg = Debug|Any CPU
		{550B9C39-BB12-4C68-A697-E15A62DFB9B6}.Debug|Any CPU.Build.0 = Debug|Any CPU
		{550B9C39-BB12-4C68-A697-E15A62DFB9B6}.Release|Any CPU.ActiveCfg = Release|Any CPU
		{550B9C39-BB12-4C68-A697-E15A62DFB9B6}.Release|Any CPU.Build.0 = Release|Any CPU
		{22FE808E-3E7F-4A32-B6BA-B4D934106155}.Debug|Any CPU.ActiveCfg = Debug|Any CPU
		{22FE808E-3E7F-4A32-B6BA-B4D934106155}.Debug|Any CPU.Build.0 = Debug|Any CPU
		{22FE808E-3E7F-4A32-B6BA-B4D934106155}.Release|Any CPU.ActiveCfg = Release|Any CPU
		{22FE808E-3E7F-4A32-B6BA-B4D934106155}.Release|Any CPU.Build.0 = Release|Any CPU
		{353FDD2E-FCE4-4EDA-9667-472CA3AD9517}.Debug|Any CPU.ActiveCfg = Debug|Any CPU
		{353FDD2E-FCE4-4EDA-9667-472CA3AD9517}.Debug|Any CPU.Build.0 = Debug|Any CPU
		{353FDD2E-FCE4-4EDA-9667-472CA3AD9517}.Release|Any CPU.ActiveCfg = Release|Any CPU
		{353FDD2E-FCE4-4EDA-9667-472CA3AD9517}.Release|Any CPU.Build.0 = Release|Any CPU
		{94AF8888-E4E9-4BEF-9670-229672DA710F}.Debug|Any CPU.ActiveCfg = Debug|Any CPU
		{94AF8888-E4E9-4BEF-9670-229672DA710F}.Debug|Any CPU.Build.0 = Debug|Any CPU
		{94AF8888-E4E9-4BEF-9670-229672DA710F}.Release|Any CPU.ActiveCfg = Release|Any CPU
		{94AF8888-E4E9-4BEF-9670-229672DA710F}.Release|Any CPU.Build.0 = Release|Any CPU
		{6288CC75-DE54-41DC-8D0C-CC93D84B8799}.Debug|Any CPU.ActiveCfg = Debug|Any CPU
		{6288CC75-DE54-41DC-8D0C-CC93D84B8799}.Debug|Any CPU.Build.0 = Debug|Any CPU
		{6288CC75-DE54-41DC-8D0C-CC93D84B8799}.Release|Any CPU.ActiveCfg = Release|Any CPU
		{6288CC75-DE54-41DC-8D0C-CC93D84B8799}.Release|Any CPU.Build.0 = Release|Any CPU
		{C3DB81D2-33B6-4B88-BB64-7D7F73654548}.Debug|Any CPU.ActiveCfg = Debug|Any CPU
		{C3DB81D2-33B6-4B88-BB64-7D7F73654548}.Debug|Any CPU.Build.0 = Debug|Any CPU
		{C3DB81D2-33B6-4B88-BB64-7D7F73654548}.Release|Any CPU.ActiveCfg = Release|Any CPU
		{C3DB81D2-33B6-4B88-BB64-7D7F73654548}.Release|Any CPU.Build.0 = Release|Any CPU
		{0720A0F2-A291-4344-A4ED-A34F623C491D}.Debug|Any CPU.ActiveCfg = Debug|Any CPU
		{0720A0F2-A291-4344-A4ED-A34F623C491D}.Debug|Any CPU.Build.0 = Debug|Any CPU
		{0720A0F2-A291-4344-A4ED-A34F623C491D}.Release|Any CPU.ActiveCfg = Release|Any CPU
		{0720A0F2-A291-4344-A4ED-A34F623C491D}.Release|Any CPU.Build.0 = Release|Any CPU
		{19674417-D019-4ABB-8451-8AD5FEA4BC51}.Debug|Any CPU.ActiveCfg = Debug|Any CPU
		{19674417-D019-4ABB-8451-8AD5FEA4BC51}.Debug|Any CPU.Build.0 = Debug|Any CPU
		{19674417-D019-4ABB-8451-8AD5FEA4BC51}.Release|Any CPU.ActiveCfg = Release|Any CPU
		{19674417-D019-4ABB-8451-8AD5FEA4BC51}.Release|Any CPU.Build.0 = Release|Any CPU
		{77F316D4-6F07-4FFD-86B7-C1B49E4C353E}.Debug|Any CPU.ActiveCfg = Debug|Any CPU
		{77F316D4-6F07-4FFD-86B7-C1B49E4C353E}.Debug|Any CPU.Build.0 = Debug|Any CPU
		{77F316D4-6F07-4FFD-86B7-C1B49E4C353E}.Release|Any CPU.ActiveCfg = Release|Any CPU
		{77F316D4-6F07-4FFD-86B7-C1B49E4C353E}.Release|Any CPU.Build.0 = Release|Any CPU
		{2A8427AB-247E-4A3C-8E3D-231840A29957}.Debug|Any CPU.ActiveCfg = Debug|Any CPU
		{2A8427AB-247E-4A3C-8E3D-231840A29957}.Debug|Any CPU.Build.0 = Debug|Any CPU
		{2A8427AB-247E-4A3C-8E3D-231840A29957}.Release|Any CPU.ActiveCfg = Release|Any CPU
		{2A8427AB-247E-4A3C-8E3D-231840A29957}.Release|Any CPU.Build.0 = Release|Any CPU
		{2B354E3C-5A51-49DA-9DD0-26EA03A71C21}.Debug|Any CPU.ActiveCfg = Debug|Any CPU
		{2B354E3C-5A51-49DA-9DD0-26EA03A71C21}.Debug|Any CPU.Build.0 = Debug|Any CPU
		{2B354E3C-5A51-49DA-9DD0-26EA03A71C21}.Release|Any CPU.ActiveCfg = Release|Any CPU
		{2B354E3C-5A51-49DA-9DD0-26EA03A71C21}.Release|Any CPU.Build.0 = Release|Any CPU
		{3659C452-F8B8-4EC6-AB10-DC08E5E7A9C0}.Debug|Any CPU.ActiveCfg = Debug|Any CPU
		{3659C452-F8B8-4EC6-AB10-DC08E5E7A9C0}.Debug|Any CPU.Build.0 = Debug|Any CPU
		{3659C452-F8B8-4EC6-AB10-DC08E5E7A9C0}.Release|Any CPU.ActiveCfg = Release|Any CPU
		{3659C452-F8B8-4EC6-AB10-DC08E5E7A9C0}.Release|Any CPU.Build.0 = Release|Any CPU
		{078A78E9-EC5D-45DA-8DAE-CC3BA138CF67}.Debug|Any CPU.ActiveCfg = Debug|Any CPU
		{078A78E9-EC5D-45DA-8DAE-CC3BA138CF67}.Debug|Any CPU.Build.0 = Debug|Any CPU
		{078A78E9-EC5D-45DA-8DAE-CC3BA138CF67}.Release|Any CPU.ActiveCfg = Release|Any CPU
		{078A78E9-EC5D-45DA-8DAE-CC3BA138CF67}.Release|Any CPU.Build.0 = Release|Any CPU
	EndGlobalSection
	GlobalSection(SolutionProperties) = preSolution
		HideSolutionNode = FALSE
	EndGlobalSection
	GlobalSection(NestedProjects) = preSolution
		{FBAF27D9-9852-48FD-9F8B-4C46313E8BB2} = {AC94B938-06BE-4EA6-AA60-9C76909011A5}
		{EDFEEF0A-6AAF-4DC3-8978-8C87AA96B6E3} = {49B56E07-23D3-4DAE-AD8F-8C70DB925B9B}
		{E07988B8-B3AF-4FBC-9955-C5AFCBB44D65} = {49B56E07-23D3-4DAE-AD8F-8C70DB925B9B}
		{D6CD1D75-20D8-4061-A095-3931AC84F86B} = {49B56E07-23D3-4DAE-AD8F-8C70DB925B9B}
		{550B9C39-BB12-4C68-A697-E15A62DFB9B6} = {49B56E07-23D3-4DAE-AD8F-8C70DB925B9B}
		{22FE808E-3E7F-4A32-B6BA-B4D934106155} = {49B56E07-23D3-4DAE-AD8F-8C70DB925B9B}
		{353FDD2E-FCE4-4EDA-9667-472CA3AD9517} = {49B56E07-23D3-4DAE-AD8F-8C70DB925B9B}
		{94AF8888-E4E9-4BEF-9670-229672DA710F} = {49B56E07-23D3-4DAE-AD8F-8C70DB925B9B}
		{6288CC75-DE54-41DC-8D0C-CC93D84B8799} = {AC94B938-06BE-4EA6-AA60-9C76909011A5}
		{C3DB81D2-33B6-4B88-BB64-7D7F73654548} = {AC94B938-06BE-4EA6-AA60-9C76909011A5}
		{0720A0F2-A291-4344-A4ED-A34F623C491D} = {AC94B938-06BE-4EA6-AA60-9C76909011A5}
		{19674417-D019-4ABB-8451-8AD5FEA4BC51} = {AC94B938-06BE-4EA6-AA60-9C76909011A5}
		{77F316D4-6F07-4FFD-86B7-C1B49E4C353E} = {AC94B938-06BE-4EA6-AA60-9C76909011A5}
		{2A8427AB-247E-4A3C-8E3D-231840A29957} = {AC94B938-06BE-4EA6-AA60-9C76909011A5}
		{2B354E3C-5A51-49DA-9DD0-26EA03A71C21} = {AC94B938-06BE-4EA6-AA60-9C76909011A5}
		{3659C452-F8B8-4EC6-AB10-DC08E5E7A9C0} = {AC94B938-06BE-4EA6-AA60-9C76909011A5}
		{078A78E9-EC5D-45DA-8DAE-CC3BA138CF67} = {AC94B938-06BE-4EA6-AA60-9C76909011A5}
	EndGlobalSection
	GlobalSection(ExtensibilityGlobals) = postSolution
		SolutionGuid = {68E25068-9118-4212-9452-DF48B3159EA9}
	EndGlobalSection
EndGlobal
